{
  "R": {
    "Version": "4.3.2",
    "Repositories": [
      {
        "Name": "CRAN",
        "URL": "https://cloud.r-project.org"
      },
      {
        "Name": "BioCsoft",
        "URL": "https://bioconductor.org/packages/3.18/bioc"
      },
      {
        "Name": "BioCann",
        "URL": "https://bioconductor.org/packages/3.18/data/annotation"
      },
      {
        "Name": "BioCexp",
        "URL": "https://bioconductor.org/packages/3.18/data/experiment"
      }
    ]
  },
  "Bioconductor": {
    "Version": "3.18"
  },
  "Packages": {
    "BiocManager": {
      "Package": "BiocManager",
      "Version": "1.30.22",
      "Source": "Repository",
      "Repository": "CRAN"
    },
    "renv": {
      "Package": "renv",
      "Version": "1.0.3",
      "Source": "Repository",
      "Repository": "CRAN"
    },
    "minfi": {
      "Package": "minfi",
      "Version": "1.48.0",
      "Source": "Bioconductor",
      "Repository": "BioCsoft"
    },
    "conumee": {
      "Package": "conumee",
      "Version": "1.36.0",
      "Source": "Bioconductor",
      "Repository": "BioCsoft"
    },
    "IlluminaHumanMethylationEPICmanifest": {
      "Package": "IlluminaHumanMethylationEPICmanifest",
      "Version": "0.3.0",
      "Source": "Bioconductor",
      "Repository": "BioCann"
    },
    "IlluminaHumanMethylationEPICanno.ilm10b4.hg19": {
      "Package": "IlluminaHumanMethylationEPICanno.ilm10b4.hg19",
      "Version": "0.6.0",
      "Source": "Bioconductor",
      "Repository": "BioCann"
    },
    "limma": {
      "Package": "limma",
      "Version": "3.58.1",
      "Source": "Bioconductor",
      "Repository": "BioCsoft"
    },
    "edgeR": {
      "Package": "edgeR",
      "Version": "4.0.16",
      "Source": "Bioconductor",
      "Repository": "BioCsoft"
    },
    "DESeq2": {
      "Package": "DESeq2",
      "Version": "1.42.1",
      "Source": "Bioconductor",
      "Repository": "BioCsoft"
    },
    "GenomicRanges": {
      "Package": "GenomicRanges",
      "Version": "1.54.1",
      "Source": "Bioconductor",
      "Repository": "BioCsoft"
    },
    "fgsea": {
      "Package": "fgsea",
      "Version": "1.28.0",
      "Source": "Bioconductor",
      "Repository": "BioCsoft"
    },
    "msigdbr": {
      "Package": "msigdbr",
      "Version": "7.5.1",
      "Source": "Repository",
      "Repository": "CRAN"
    },
    "ComplexHeatmap": {
      "Package": "ComplexHeatmap",
      "Version": "2.18.0",
      "Source": "Bioconductor",
      "Repository": "BioCsoft"
    },
    "ConsensusClusterPlus": {
      "Package": "ConsensusClusterPlus",
      "Version": "1.66.0",
      "Source": "Bioconductor",
      "Repository": "BioCsoft"
    },
    "sva": {
      "Package": "sva",
      "Version": "3.50.0",
      "Source": "Bioconductor",
      "Repository": "BioCsoft"
    }
  }
}
